github.com/adjust/rmq v1.0.0 h1:VTD1iLXIQD3tr4mQlgOOOkz6jMbIiKdnpDXQyAqPOLQ=
github.com/adjust/rmq v1.0.0/go.mod h1:R3ayojJEWi4WQ7I6q1GYzgeBiHC58+y/6eQc2usiWh4=
github.com/adjust/uniuri v0.0.0-20130923163420-498743145e60 h1:ogL5Ct/E8o3w/QiBWDFJV9fOXglEiXI+YaYIqWNCJ8Y=
github.com/adjust/uniuri v0.0.0-20130923163420-498743145e60/go.mod h1:pgVmNTYfZOWG+PrCVPcvgUy5Z/uowI78tK8ARMsdVXw=
gopkg.in/bsm/ratelimit.v1 v1.0.0-20160220154919-db14e161995a h1:stTHdEoWg1pQ8riaP5ROrjS6zy6wewH/Q2iwnLCQUXY=
gopkg.in/bsm/ratelimit.v1 v1.0.0-20160220154919-db14e161995a/go.mod h1:KF9sEfUPAXdG8Oev9e99iLGnl2uJMjc5B+4y3O7x610=
gopkg.in/redis.v3 v3.6.4 h1:u7XgPH1rWwsdZnR+azldXC6x9qDU2luydOIeU/l52fE=
gopkg.in/redis.v3 v3.6.4/go.mod h1:6XeGv/CrsUFDU9aVbUdNykN7k1zVmoeg83KC9RbQfiU=
